// !$*UTF8*$!
{
	archiveVersion = 1;
	classes = {
	};
	objectVersion = 56;
	objects = {

/* Begin PBXBuildFile section */
		EA45A83E2DA1A2F20007E5FF /* AdvancedToDoApplicationApp.swift in Sources */ = {isa = PBXBuildFile; fileRef = EA45A83D2DA1A2F20007E5FF /* AdvancedToDoApplicationApp.swift */; };
		EA45A8422DA1A2F30007E5FF /* Assets.xcassets in Resources */ = {isa = PBXBuildFile; fileRef = EA45A8412DA1A2F30007E5FF /* Assets.xcassets */; };
		EA45A8452DA1A2F30007E5FF /* Preview Assets.xcassets in Resources */ = {isa = PBXBuildFile; fileRef = EA45A8442DA1A2F30007E5FF /* Preview Assets.xcassets */; };
		EA45A8472DA1A2F30007E5FF /* Persistence.swift in Sources */ = {isa = PBXBuildFile; fileRef = EA45A8462DA1A2F30007E5FF /* Persistence.swift */; };
		EA45A84A2DA1A2F30007E5FF /* AdvancedToDoApplication.xcdatamodeld in Sources */ = {isa = PBXBuildFile; fileRef = EA45A8482DA1A2F30007E5FF /* AdvancedToDoApplication.xcdatamodeld */; };
		EA45A8542DA1A2F30007E5FF /* AdvancedToDoApplicationTests.swift in Sources */ = {isa = PBXBuildFile; fileRef = EA45A8532DA1A2F30007E5FF /* AdvancedToDoApplicationTests.swift */; };
		EA45A85E2DA1A2F30007E5FF /* AdvancedToDoApplicationUITests.swift in Sources */ = {isa = PBXBuildFile; fileRef = EA45A85D2DA1A2F30007E5FF /* AdvancedToDoApplicationUITests.swift */; };
		EA45A8602DA1A2F30007E5FF /* AdvancedToDoApplicationUITestsLaunchTests.swift in Sources */ = {isa = PBXBuildFile; fileRef = EA45A85F2DA1A2F30007E5FF /* AdvancedToDoApplicationUITestsLaunchTests.swift */; };
		EA45A86E2DA1A32F0007E5FF /* CreateTaskView.swift in Sources */ = {isa = PBXBuildFile; fileRef = EA45A86D2DA1A32F0007E5FF /* CreateTaskView.swift */; };
		EA45A8712DA1A3480007E5FF /* SplashScreenView.swift in Sources */ = {isa = PBXBuildFile; fileRef = EA45A8702DA1A3480007E5FF /* SplashScreenView.swift */; };
		EA45A8732DA1A35E0007E5FF /* TaskCategoriesView.swift in Sources */ = {isa = PBXBuildFile; fileRef = EA45A8722DA1A35E0007E5FF /* TaskCategoriesView.swift */; };
		EA45A8752DA1A3770007E5FF /* TaskDetailView.swift in Sources */ = {isa = PBXBuildFile; fileRef = EA45A8742DA1A3770007E5FF /* TaskDetailView.swift */; };
		EA45A8772DA1A3870007E5FF /* TaskListView.swift in Sources */ = {isa = PBXBuildFile; fileRef = EA45A8762DA1A3870007E5FF /* TaskListView.swift */; };
/* End PBXBuildFile section */

/* Begin PBXContainerItemProxy section */
		EA45A8502DA1A2F30007E5FF /* PBXContainerItemProxy */ = {
			isa = PBXContainerItemProxy;
			containerPortal = EA45A8322DA1A2F20007E5FF /* Project object */;
			proxyType = 1;
			remoteGlobalIDString = EA45A8392DA1A2F20007E5FF;
			remoteInfo = AdvancedToDoApplication;
		};
		EA45A85A2DA1A2F30007E5FF /* PBXContainerItemProxy */ = {
			isa = PBXContainerItemProxy;
			containerPortal = EA45A8322DA1A2F20007E5FF /* Project object */;
			proxyType = 1;
			remoteGlobalIDString = EA45A8392DA1A2F20007E5FF;
			remoteInfo = AdvancedToDoApplication;
		};
/* End PBXContainerItemProxy section */

/* Begin PBXFileReference section */
		EA45A83A2DA1A2F20007E5FF /* AdvancedToDoApplication.app */ = {isa = PBXFileReference; explicitFileType = wrapper.application; includeInIndex = 0; path = AdvancedToDoApplication.app; sourceTree = BUILT_PRODUCTS_DIR; };
		EA45A83D2DA1A2F20007E5FF /* AdvancedToDoApplicationApp.swift */ = {isa = PBXFileReference; lastKnownFileType = sourcecode.swift; path = AdvancedToDoApplicationApp.swift; sourceTree = "<group>"; };
		EA45A8412DA1A2F30007E5FF /* Assets.xcassets */ = {isa = PBXFileReference; lastKnownFileType = folder.assetcatalog; path = Assets.xcassets; sourceTree = "<group>"; };
		EA45A8442DA1A2F30007E5FF /* Preview Assets.xcassets */ = {isa = PBXFileReference; lastKnownFileType = folder.assetcatalog; path = "Preview Assets.xcassets"; sourceTree = "<group>"; };
		EA45A8462DA1A2F30007E5FF /* Persistence.swift */ = {isa = PBXFileReference; lastKnownFileType = sourcecode.swift; path = Persistence.swift; sourceTree = "<group>"; };
		EA45A8492DA1A2F30007E5FF /* AdvancedToDoApplication.xcdatamodel */ = {isa = PBXFileReference; lastKnownFileType = wrapper.xcdatamodel; path = AdvancedToDoApplication.xcdatamodel; sourceTree = "<group>"; };
		EA45A84F2DA1A2F30007E5FF /* AdvancedToDoApplicationTests.xctest */ = {isa = PBXFileReference; explicitFileType = wrapper.cfbundle; includeInIndex = 0; path = AdvancedToDoApplicationTests.xctest; sourceTree = BUILT_PRODUCTS_DIR; };
		EA45A8532DA1A2F30007E5FF /* AdvancedToDoApplicationTests.swift */ = {isa = PBXFileReference; lastKnownFileType = sourcecode.swift; path = AdvancedToDoApplicationTests.swift; sourceTree = "<group>"; };
		EA45A8592DA1A2F30007E5FF /* AdvancedToDoApplicationUITests.xctest */ = {isa = PBXFileReference; explicitFileType = wrapper.cfbundle; includeInIndex = 0; path = AdvancedToDoApplicationUITests.xctest; sourceTree = BUILT_PRODUCTS_DIR; };
		EA45A85D2DA1A2F30007E5FF /* AdvancedToDoApplicationUITests.swift */ = {isa = PBXFileReference; lastKnownFileType = sourcecode.swift; path = AdvancedToDoApplicationUITests.swift; sourceTree = "<group>"; };
		EA45A85F2DA1A2F30007E5FF /* AdvancedToDoApplicationUITestsLaunchTests.swift */ = {isa = PBXFileReference; lastKnownFileType = sourcecode.swift; path = AdvancedToDoApplicationUITestsLaunchTests.swift; sourceTree = "<group>"; };
		EA45A86D2DA1A32F0007E5FF /* CreateTaskView.swift */ = {isa = PBXFileReference; lastKnownFileType = sourcecode.swift; path = CreateTaskView.swift; sourceTree = "<group>"; };
		EA45A8702DA1A3480007E5FF /* SplashScreenView.swift */ = {isa = PBXFileReference; lastKnownFileType = sourcecode.swift; path = SplashScreenView.swift; sourceTree = "<group>"; };
		EA45A8722DA1A35E0007E5FF /* TaskCategoriesView.swift */ = {isa = PBXFileReference; lastKnownFileType = sourcecode.swift; path = TaskCategoriesView.swift; sourceTree = "<group>"; };
		EA45A8742DA1A3770007E5FF /* TaskDetailView.swift */ = {isa = PBXFileReference; lastKnownFileType = sourcecode.swift; path = TaskDetailView.swift; sourceTree = "<group>"; };
		EA45A8762DA1A3870007E5FF /* TaskListView.swift */ = {isa = PBXFileReference; lastKnownFileType = sourcecode.swift; path = TaskListView.swift; sourceTree = "<group>"; };
/* End PBXFileReference section */

/* Begin PBXFrameworksBuildPhase section */
		EA45A8372DA1A2F20007E5FF /* Frameworks */ = {
			isa = PBXFrameworksBuildPhase;
			buildActionMask = 2147483647;
			files = (
			);
			runOnlyForDeploymentPostprocessing = 0;
		};
		EA45A84C2DA1A2F30007E5FF /* Frameworks */ = {
			isa = PBXFrameworksBuildPhase;
			buildActionMask = 2147483647;
			files = (
			);
			runOnlyForDeploymentPostprocessing = 0;
		};
		EA45A8562DA1A2F30007E5FF /* Frameworks */ = {
			isa = PBXFrameworksBuildPhase;
			buildActionMask = 2147483647;
			files = (
			);
			runOnlyForDeploymentPostprocessing = 0;
		};
/* End PBXFrameworksBuildPhase section */

/* Begin PBXGroup section */
		EA45A8312DA1A2F20007E5FF = {
			isa = PBXGroup;
			children = (
				EA45A83C2DA1A2F20007E5FF /* AdvancedToDoApplication */,
				EA45A8522DA1A2F30007E5FF /* AdvancedToDoApplicationTests */,
				EA45A85C2DA1A2F30007E5FF /* AdvancedToDoApplicationUITests */,
				EA45A83B2DA1A2F20007E5FF /* Products */,
			);
			sourceTree = "<group>";
		};
		EA45A83B2DA1A2F20007E5FF /* Products */ = {
			isa = PBXGroup;
			children = (
				EA45A83A2DA1A2F20007E5FF /* AdvancedToDoApplication.app */,
				EA45A84F2DA1A2F30007E5FF /* AdvancedToDoApplicationTests.xctest */,
				EA45A8592DA1A2F30007E5FF /* AdvancedToDoApplicationUITests.xctest */,
			);
			name = Products;
			sourceTree = "<group>";
		};
		EA45A83C2DA1A2F20007E5FF /* AdvancedToDoApplication */ = {
			isa = PBXGroup;
			children = (
				EA45A86C2DA1A3170007E5FF /* Views */,
				EA45A83D2DA1A2F20007E5FF /* AdvancedToDoApplicationApp.swift */,
				EA45A8412DA1A2F30007E5FF /* Assets.xcassets */,
				EA45A8462DA1A2F30007E5FF /* Persistence.swift */,
				EA45A8482DA1A2F30007E5FF /* AdvancedToDoApplication.xcdatamodeld */,
				EA45A8432DA1A2F30007E5FF /* Preview Content */,
			);
			path = AdvancedToDoApplication;
			sourceTree = "<group>";
		};
		EA45A8432DA1A2F30007E5FF /* Preview Content */ = {
			isa = PBXGroup;
			children = (
				EA45A8442DA1A2F30007E5FF /* Preview Assets.xcassets */,
			);
			path = "Preview Content";
			sourceTree = "<group>";
		};
		EA45A8522DA1A2F30007E5FF /* AdvancedToDoApplicationTests */ = {
			isa = PBXGroup;
			children = (
				EA45A8532DA1A2F30007E5FF /* AdvancedToDoApplicationTests.swift */,
			);
			path = AdvancedToDoApplicationTests;
			sourceTree = "<group>";
		};
		EA45A85C2DA1A2F30007E5FF /* AdvancedToDoApplicationUITests */ = {
			isa = PBXGroup;
			children = (
				EA45A85D2DA1A2F30007E5FF /* AdvancedToDoApplicationUITests.swift */,
				EA45A85F2DA1A2F30007E5FF /* AdvancedToDoApplicationUITestsLaunchTests.swift */,
			);
			path = AdvancedToDoApplicationUITests;
			sourceTree = "<group>";
		};
		EA45A86C2DA1A3170007E5FF /* Views */ = {
			isa = PBXGroup;
			children = (
				EA45A86D2DA1A32F0007E5FF /* CreateTaskView.swift */,
				EA45A8702DA1A3480007E5FF /* SplashScreenView.swift */,
				EA45A8722DA1A35E0007E5FF /* TaskCategoriesView.swift */,
				EA45A8742DA1A3770007E5FF /* TaskDetailView.swift */,
				EA45A8762DA1A3870007E5FF /* TaskListView.swift */,
			);
			path = Views;
			sourceTree = "<group>";
		};
/* End PBXGroup section */

/* Begin PBXNativeTarget section */
		EA45A8392DA1A2F20007E5FF /* AdvancedToDoApplication */ = {
			isa = PBXNativeTarget;
			buildConfigurationList = EA45A8632DA1A2F30007E5FF /* Build configuration list for PBXNativeTarget "AdvancedToDoApplication" */;
			buildPhases = (
				EA45A8362DA1A2F20007E5FF /* Sources */,
				EA45A8372DA1A2F20007E5FF /* Frameworks */,
				EA45A8382DA1A2F20007E5FF /* Resources */,
			);
			buildRules = (
			);
			dependencies = (
			);
			name = AdvancedToDoApplication;
			productName = AdvancedToDoApplication;
			productReference = EA45A83A2DA1A2F20007E5FF /* AdvancedToDoApplication.app */;
			productType = "com.apple.product-type.application";
		};
		EA45A84E2DA1A2F30007E5FF /* AdvancedToDoApplicationTests */ = {
			isa = PBXNativeTarget;
			buildConfigurationList = EA45A8662DA1A2F30007E5FF /* Build configuration list for PBXNativeTarget "AdvancedToDoApplicationTests" */;
			buildPhases = (
				EA45A84B2DA1A2F30007E5FF /* Sources */,
				EA45A84C2DA1A2F30007E5FF /* Frameworks */,
				EA45A84D2DA1A2F30007E5FF /* Resources */,
			);
			buildRules = (
			);
			dependencies = (
				EA45A8512DA1A2F30007E5FF /* PBXTargetDependency */,
			);
			name = AdvancedToDoApplicationTests;
			productName = AdvancedToDoApplicationTests;
			productReference = EA45A84F2DA1A2F30007E5FF /* AdvancedToDoApplicationTests.xctest */;
			productType = "com.apple.product-type.bundle.unit-test";
		};
		EA45A8582DA1A2F30007E5FF /* AdvancedToDoApplicationUITests */ = {
			isa = PBXNativeTarget;
			buildConfigurationList = EA45A8692DA1A2F30007E5FF /* Build configuration list for PBXNativeTarget "AdvancedToDoApplicationUITests" */;
			buildPhases = (
				EA45A8552DA1A2F30007E5FF /* Sources */,
				EA45A8562DA1A2F30007E5FF /* Frameworks */,
				EA45A8572DA1A2F30007E5FF /* Resources */,
			);
			buildRules = (
			);
			dependencies = (
				EA45A85B2DA1A2F30007E5FF /* PBXTargetDependency */,
			);
			name = AdvancedToDoApplicationUITests;
			productName = AdvancedToDoApplicationUITests;
			productReference = EA45A8592DA1A2F30007E5FF /* AdvancedToDoApplicationUITests.xctest */;
			productType = "com.apple.product-type.bundle.ui-testing";
		};
/* End PBXNativeTarget section */

/* Begin PBXProject section */
		EA45A8322DA1A2F20007E5FF /* Project object */ = {
			isa = PBXProject;
			attributes = {
				BuildIndependentTargetsInParallel = 1;
				LastSwiftUpdateCheck = 1520;
				LastUpgradeCheck = 1520;
				TargetAttributes = {
					EA45A8392DA1A2F20007E5FF = {
						CreatedOnToolsVersion = 15.2;
					};
					EA45A84E2DA1A2F30007E5FF = {
						CreatedOnToolsVersion = 15.2;
						TestTargetID = EA45A8392DA1A2F20007E5FF;
					};
					EA45A8582DA1A2F30007E5FF = {
						CreatedOnToolsVersion = 15.2;
						TestTargetID = EA45A8392DA1A2F20007E5FF;
					};
				};
			};
			buildConfigurationList = EA45A8352DA1A2F20007E5FF /* Build configuration list for PBXProject "AdvancedToDoApplication" */;
			compatibilityVersion = "Xcode 14.0";
			developmentRegion = en;
			hasScannedForEncodings = 0;
			knownRegions = (
				en,
				Base,
			);
			mainGroup = EA45A8312DA1A2F20007E5FF;
			productRefGroup = EA45A83B2DA1A2F20007E5FF /* Products */;
			projectDirPath = "";
			projectRoot = "";
			targets = (
				EA45A8392DA1A2F20007E5FF /* AdvancedToDoApplication */,
				EA45A84E2DA1A2F30007E5FF /* AdvancedToDoApplicationTests */,
				EA45A8582DA1A2F30007E5FF /* AdvancedToDoApplicationUITests */,
			);
		};
/* End PBXProject section */

/* Begin PBXResourcesBuildPhase section */
		EA45A8382DA1A2F20007E5FF /* Resources */ = {
			isa = PBXResourcesBuildPhase;
			buildActionMask = 2147483647;
			files = (
				EA45A8452DA1A2F30007E5FF /* Preview Assets.xcassets in Resources */,
				EA45A8422DA1A2F30007E5FF /* Assets.xcassets in Resources */,
			);
			runOnlyForDeploymentPostprocessing = 0;
		};
		EA45A84D2DA1A2F30007E5FF /* Resources */ = {
			isa = PBXResourcesBuildPhase;
			buildActionMask = 2147483647;
			files = (
			);
			runOnlyForDeploymentPostprocessing = 0;
		};
		EA45A8572DA1A2F30007E5FF /* Resources */ = {
			isa = PBXResourcesBuildPhase;
			buildActionMask = 2147483647;
			files = (
			);
			runOnlyForDeploymentPostprocessing = 0;
		};
/* End PBXResourcesBuildPhase section */

/* Begin PBXSourcesBuildPhase section */
		EA45A8362DA1A2F20007E5FF /* Sources */ = {
			isa = PBXSourcesBuildPhase;
			buildActionMask = 2147483647;
			files = (
				EA45A8752DA1A3770007E5FF /* TaskDetailView.swift in Sources */,
				EA45A84A2DA1A2F30007E5FF /* AdvancedToDoApplication.xcdatamodeld in Sources */,
				EA45A8772DA1A3870007E5FF /* TaskListView.swift in Sources */,
				EA45A86E2DA1A32F0007E5FF /* CreateTaskView.swift in Sources */,
				EA45A8732DA1A35E0007E5FF /* TaskCategoriesView.swift in Sources */,
				EA45A8472DA1A2F30007E5FF /* Persistence.swift in Sources */,
				EA45A83E2DA1A2F20007E5FF /* AdvancedToDoApplicationApp.swift in Sources */,
				EA45A8712DA1A3480007E5FF /* SplashScreenView.swift in Sources */,
			);
			runOnlyForDeploymentPostprocessing = 0;
		};
		EA45A84B2DA1A2F30007E5FF /* Sources */ = {
			isa = PBXSourcesBuildPhase;
			buildActionMask = 2147483647;
			files = (
				EA45A8542DA1A2F30007E5FF /* AdvancedToDoApplicationTests.swift in Sources */,
			);
			runOnlyForDeploymentPostprocessing = 0;
		};
		EA45A8552DA1A2F30007E5FF /* Sources */ = {
			isa = PBXSourcesBuildPhase;
			buildActionMask = 2147483647;
			files = (
				EA45A85E2DA1A2F30007E5FF /* AdvancedToDoApplicationUITests.swift in Sources */,
				EA45A8602DA1A2F30007E5FF /* AdvancedToDoApplicationUITestsLaunchTests.swift in Sources */,
			);
			runOnlyForDeploymentPostprocessing = 0;
		};
/* End PBXSourcesBuildPhase section */

/* Begin PBXTargetDependency section */
		EA45A8512DA1A2F30007E5FF /* PBXTargetDependency */ = {
			isa = PBXTargetDependency;
			target = EA45A8392DA1A2F20007E5FF /* AdvancedToDoApplication */;
			targetProxy = EA45A8502DA1A2F30007E5FF /* PBXContainerItemProxy */;
		};
		EA45A85B2DA1A2F30007E5FF /* PBXTargetDependency */ = {
			isa = PBXTargetDependency;
			target = EA45A8392DA1A2F20007E5FF /* AdvancedToDoApplication */;
			targetProxy = EA45A85A2DA1A2F30007E5FF /* PBXContainerItemProxy */;
		};
/* End PBXTargetDependency section */

/* Begin XCBuildConfiguration section */
		EA45A8612DA1A2F30007E5FF /* Debug */ = {
			isa = XCBuildConfiguration;
			buildSettings = {
				ALWAYS_SEARCH_USER_PATHS = NO;
				ASSETCATALOG_COMPILER_GENERATE_SWIFT_ASSET_SYMBOL_EXTENSIONS = YES;
				CLANG_ANALYZER_NONNULL = YES;
				CLANG_ANALYZER_NUMBER_OBJECT_CONVERSION = YES_AGGRESSIVE;
				CLANG_CXX_LANGUAGE_STANDARD = "gnu++20";
				CLANG_ENABLE_MODULES = YES;
				CLANG_ENABLE_OBJC_ARC = YES;
				CLANG_ENABLE_OBJC_WEAK = YES;
				CLANG_WARN_BLOCK_CAPTURE_AUTORELEASING = YES;
				CLANG_WARN_BOOL_CONVERSION = YES;
				CLANG_WARN_COMMA = YES;
				CLANG_WARN_CONSTANT_CONVERSION = YES;
				CLANG_WARN_DEPRECATED_OBJC_IMPLEMENTATIONS = YES;
				CLANG_WARN_DIRECT_OBJC_ISA_USAGE = YES_ERROR;
				CLANG_WARN_DOCUMENTATION_COMMENTS = YES;
				CLANG_WARN_EMPTY_BODY = YES;
				CLANG_WARN_ENUM_CONVERSION = YES;
				CLANG_WARN_INFINITE_RECURSION = YES;
				CLANG_WARN_INT_CONVERSION = YES;
				CLANG_WARN_NON_LITERAL_NULL_CONVERSION = YES;
				CLANG_WARN_OBJC_IMPLICIT_RETAIN_SELF = YES;
				CLANG_WARN_OBJC_LITERAL_CONVERSION = YES;
				CLANG_WARN_OBJC_ROOT_CLASS = YES_ERROR;
				CLANG_WARN_QUOTED_INCLUDE_IN_FRAMEWORK_HEADER = YES;
				CLANG_WARN_RANGE_LOOP_ANALYSIS = YES;
				CLANG_WARN_STRICT_PROTOTYPES = YES;
				CLANG_WARN_SUSPICIOUS_MOVE = YES;
				CLANG_WARN_UNGUARDED_AVAILABILITY = YES_AGGRESSIVE;
				CLANG_WARN_UNREACHABLE_CODE = YES;
				CLANG_WARN__DUPLICATE_METHOD_MATCH = YES;
				COPY_PHASE_STRIP = NO;
				DEBUG_INFORMATION_FORMAT = dwarf;
				ENABLE_STRICT_OBJC_MSGSEND = YES;
				ENABLE_TESTABILITY = YES;
				ENABLE_USER_SCRIPT_SANDBOXING = YES;
				GCC_C_LANGUAGE_STANDARD = gnu17;
				GCC_DYNAMIC_NO_PIC = NO;
				GCC_NO_COMMON_BLOCKS = YES;
				GCC_OPTIMIZATION_LEVEL = 0;
				GCC_PREPROCESSOR_DEFINITIONS = (
					"DEBUG=1",
					"$(inherited)",
				);
				GCC_WARN_64_TO_32_BIT_CONVERSION = YES;
				GCC_WARN_ABOUT_RETURN_TYPE = YES_ERROR;
				GCC_WARN_UNDECLARED_SELECTOR = YES;
				GCC_WARN_UNINITIALIZED_AUTOS = YES_AGGRESSIVE;
				GCC_WARN_UNUSED_FUNCTION = YES;
				GCC_WARN_UNUSED_VARIABLE = YES;
				IPHONEOS_DEPLOYMENT_TARGET = 17.2;
				LOCALIZATION_PREFERS_STRING_CATALOGS = YES;
				MTL_ENABLE_DEBUG_INFO = INCLUDE_SOURCE;
				MTL_FAST_MATH = YES;
				ONLY_ACTIVE_ARCH = YES;
				SDKROOT = iphoneos;
				SWIFT_ACTIVE_COMPILATION_CONDITIONS = "DEBUG $(inherited)";
				SWIFT_OPTIMIZATION_LEVEL = "-Onone";
			};
			name = Debug;
		};
		EA45A8622DA1A2F30007E5FF /* Release */ = {
			isa = XCBuildConfiguration;
			buildSettings = {
				ALWAYS_SEARCH_USER_PATHS = NO;
				ASSETCATALOG_COMPILER_GENERATE_SWIFT_ASSET_SYMBOL_EXTENSIONS = YES;
				CLANG_ANALYZER_NONNULL = YES;
				CLANG_ANALYZER_NUMBER_OBJECT_CONVERSION = YES_AGGRESSIVE;
				CLANG_CXX_LANGUAGE_STANDARD = "gnu++20";
				CLANG_ENABLE_MODULES = YES;
				CLANG_ENABLE_OBJC_ARC = YES;
				CLANG_ENABLE_OBJC_WEAK = YES;
				CLANG_WARN_BLOCK_CAPTURE_AUTORELEASING = YES;
				CLANG_WARN_BOOL_CONVERSION = YES;
				CLANG_WARN_COMMA = YES;
				CLANG_WARN_CONSTANT_CONVERSION = YES;
				CLANG_WARN_DEPRECATED_OBJC_IMPLEMENTATIONS = YES;
				CLANG_WARN_DIRECT_OBJC_ISA_USAGE = YES_ERROR;
				CLANG_WARN_DOCUMENTATION_COMMENTS = YES;
				CLANG_WARN_EMPTY_BODY = YES;
				CLANG_WARN_ENUM_CONVERSION = YES;
				CLANG_WARN_INFINITE_RECURSION = YES;
				CLANG_WARN_INT_CONVERSION = YES;
				CLANG_WARN_NON_LITERAL_NULL_CONVERSION = YES;
				CLANG_WARN_OBJC_IMPLICIT_RETAIN_SELF = YES;
				CLANG_WARN_OBJC_LITERAL_CONVERSION = YES;
				CLANG_WARN_OBJC_ROOT_CLASS = YES_ERROR;
				CLANG_WARN_QUOTED_INCLUDE_IN_FRAMEWORK_HEADER = YES;
				CLANG_WARN_RANGE_LOOP_ANALYSIS = YES;
				CLANG_WARN_STRICT_PROTOTYPES = YES;
				CLANG_WARN_SUSPICIOUS_MOVE = YES;
				CLANG_WARN_UNGUARDED_AVAILABILITY = YES_AGGRESSIVE;
				CLANG_WARN_UNREACHABLE_CODE = YES;
				CLANG_WARN__DUPLICATE_METHOD_MATCH = YES;
				COPY_PHASE_STRIP = NO;
				DEBUG_INFORMATION_FORMAT = "dwarf-with-dsym";
				ENABLE_NS_ASSERTIONS = NO;
				ENABLE_STRICT_OBJC_MSGSEND = YES;
				ENABLE_USER_SCRIPT_SANDBOXING = YES;
				GCC_C_LANGUAGE_STANDARD = gnu17;
				GCC_NO_COMMON_BLOCKS = YES;
				GCC_WARN_64_TO_32_BIT_CONVERSION = YES;
				GCC_WARN_ABOUT_RETURN_TYPE = YES_ERROR;
				GCC_WARN_UNDECLARED_SELECTOR = YES;
				GCC_WARN_UNINITIALIZED_AUTOS = YES_AGGRESSIVE;
				GCC_WARN_UNUSED_FUNCTION = YES;
				GCC_WARN_UNUSED_VARIABLE = YES;
				IPHONEOS_DEPLOYMENT_TARGET = 17.2;
				LOCALIZATION_PREFERS_STRING_CATALOGS = YES;
				MTL_ENABLE_DEBUG_INFO = NO;
				MTL_FAST_MATH = YES;
				SDKROOT = iphoneos;
				SWIFT_COMPILATION_MODE = wholemodule;
				VALIDATE_PRODUCT = YES;
			};
			name = Release;
		};
		EA45A8642DA1A2F30007E5FF /* Debug */ = {
			isa = XCBuildConfiguration;
			buildSettings = {
				ASSETCATALOG_COMPILER_APPICON_NAME = AppIcon;
				ASSETCATALOG_COMPILER_GLOBAL_ACCENT_COLOR_NAME = AccentColor;
				CODE_SIGN_STYLE = Automatic;
				CURRENT_PROJECT_VERSION = 1;
				DEVELOPMENT_ASSET_PATHS = "\"AdvancedToDoApplication/Preview Content\"";
				ENABLE_PREVIEWS = YES;
				GENERATE_INFOPLIST_FILE = YES;
				INFOPLIST_KEY_UIApplicationSceneManifest_Generation = YES;
				INFOPLIST_KEY_UIApplicationSupportsIndirectInputEvents = YES;
				INFOPLIST_KEY_UILaunchScreen_Generation = YES;
				INFOPLIST_KEY_UISupportedInterfaceOrientations_iPad = "UIInterfaceOrientationPortrait UIInterfaceOrientationPortraitUpsideDown UIInterfaceOrientationLandscapeLeft UIInterfaceOrientationLandscapeRight";
				INFOPLIST_KEY_UISupportedInterfaceOrientations_iPhone = "UIInterfaceOrientationPortrait UIInterfaceOrientationLandscapeLeft UIInterfaceOrientationLandscapeRight";
				LD_RUNPATH_SEARCH_PATHS = (
					"$(inherited)",
					"@executable_path/Frameworks",
				);
				MARKETING_VERSION = 1.0;
				PRODUCT_BUNDLE_IDENTIFIER = gbc.AdvancedToDoApplication;
				PRODUCT_NAME = "$(TARGET_NAME)";
				SWIFT_EMIT_LOC_STRINGS = YES;
				SWIFT_VERSION = 5.0;
				TARGETED_DEVICE_FAMILY = "1,2";
			};
			name = Debug;
		};
		EA45A8652DA1A2F30007E5FF /* Release */ = {
			isa = XCBuildConfiguration;
			buildSettings = {
				ASSETCATALOG_COMPILER_APPICON_NAME = AppIcon;
				ASSETCATALOG_COMPILER_GLOBAL_ACCENT_COLOR_NAME = AccentColor;
				CODE_SIGN_STYLE = Automatic;
				CURRENT_PROJECT_VERSION = 1;
				DEVELOPMENT_ASSET_PATHS = "\"AdvancedToDoApplication/Preview Content\"";
				ENABLE_PREVIEWS = YES;
				GENERATE_INFOPLIST_FILE = YES;
				INFOPLIST_KEY_UIApplicationSceneManifest_Generation = YES;
				INFOPLIST_KEY_UIApplicationSupportsIndirectInputEvents = YES;
				INFOPLIST_KEY_UILaunchScreen_Generation = YES;
				INFOPLIST_KEY_UISupportedInterfaceOrientations_iPad = "UIInterfaceOrientationPortrait UIInterfaceOrientationPortraitUpsideDown UIInterfaceOrientationLandscapeLeft UIInterfaceOrientationLandscapeRight";
				INFOPLIST_KEY_UISupportedInterfaceOrientations_iPhone = "UIInterfaceOrientationPortrait UIInterfaceOrientationLandscapeLeft UIInterfaceOrientationLandscapeRight";
				LD_RUNPATH_SEARCH_PATHS = (
					"$(inherited)",
					"@executable_path/Frameworks",
				);
				MARKETING_VERSION = 1.0;
				PRODUCT_BUNDLE_IDENTIFIER = gbc.AdvancedToDoApplication;
				PRODUCT_NAME = "$(TARGET_NAME)";
				SWIFT_EMIT_LOC_STRINGS = YES;
				SWIFT_VERSION = 5.0;
				TARGETED_DEVICE_FAMILY = "1,2";
			};
			name = Release;
		};
		EA45A8672DA1A2F30007E5FF /* Debug */ = {
			isa = XCBuildConfiguration;
			buildSettings = {
				ALWAYS_EMBED_SWIFT_STANDARD_LIBRARIES = YES;
				BUNDLE_LOADER = "$(TEST_HOST)";
				CODE_SIGN_STYLE = Automatic;
				CURRENT_PROJECT_VERSION = 1;
				GENERATE_INFOPLIST_FILE = YES;
				IPHONEOS_DEPLOYMENT_TARGET = 17.2;
				MARKETING_VERSION = 1.0;
				PRODUCT_BUNDLE_IDENTIFIER = gbc.AdvancedToDoApplicationTests;
				PRODUCT_NAME = "$(TARGET_NAME)";
				SWIFT_EMIT_LOC_STRINGS = NO;
				SWIFT_VERSION = 5.0;
				TARGETED_DEVICE_FAMILY = "1,2";
				TEST_HOST = "$(BUILT_PRODUCTS_DIR)/AdvancedToDoApplication.app/$(BUNDLE_EXECUTABLE_FOLDER_PATH)/AdvancedToDoApplication";
			};
			name = Debug;
		};
		EA45A8682DA1A2F30007E5FF /* Release */ = {
			isa = XCBuildConfiguration;
			buildSettings = {
				ALWAYS_EMBED_SWIFT_STANDARD_LIBRARIES = YES;
				BUNDLE_LOADER = "$(TEST_HOST)";
				CODE_SIGN_STYLE = Automatic;
				CURRENT_PROJECT_VERSION = 1;
				GENERATE_INFOPLIST_FILE = YES;
				IPHONEOS_DEPLOYMENT_TARGET = 17.2;
				MARKETING_VERSION = 1.0;
				PRODUCT_BUNDLE_IDENTIFIER = gbc.AdvancedToDoApplicationTests;
				PRODUCT_NAME = "$(TARGET_NAME)";
				SWIFT_EMIT_LOC_STRINGS = NO;
				SWIFT_VERSION = 5.0;
				TARGETED_DEVICE_FAMILY = "1,2";
				TEST_HOST = "$(BUILT_PRODUCTS_DIR)/AdvancedToDoApplication.app/$(BUNDLE_EXECUTABLE_FOLDER_PATH)/AdvancedToDoApplication";
			};
			name = Release;
		};
		EA45A86A2DA1A2F30007E5FF /* Debug */ = {
			isa = XCBuildConfiguration;
			buildSettings = {
				ALWAYS_EMBED_SWIFT_STANDARD_LIBRARIES = YES;
				CODE_SIGN_STYLE = Automatic;
				CURRENT_PROJECT_VERSION = 1;
				GENERATE_INFOPLIST_FILE = YES;
				MARKETING_VERSION = 1.0;
				PRODUCT_BUNDLE_IDENTIFIER = gbc.AdvancedToDoApplicationUITests;
				PRODUCT_NAME = "$(TARGET_NAME)";
				SWIFT_EMIT_LOC_STRINGS = NO;
				SWIFT_VERSION = 5.0;
				TARGETED_DEVICE_FAMILY = "1,2";
				TEST_TARGET_NAME = AdvancedToDoApplication;
			};
			name = Debug;
		};
		EA45A86B2DA1A2F30007E5FF /* Release */ = {
			isa = XCBuildConfiguration;
			buildSettings = {
				ALWAYS_EMBED_SWIFT_STANDARD_LIBRARIES = YES;
				CODE_SIGN_STYLE = Automatic;
				CURRENT_PROJECT_VERSION = 1;
				GENERATE_INFOPLIST_FILE = YES;
				MARKETING_VERSION = 1.0;
				PRODUCT_BUNDLE_IDENTIFIER = gbc.AdvancedToDoApplicationUITests;
				PRODUCT_NAME = "$(TARGET_NAME)";
				SWIFT_EMIT_LOC_STRINGS = NO;
				SWIFT_VERSION = 5.0;
				TARGETED_DEVICE_FAMILY = "1,2";
				TEST_TARGET_NAME = AdvancedToDoApplication;
			};
			name = Release;
		};
/* End XCBuildConfiguration section */

/* Begin XCConfigurationList section */
		EA45A8352DA1A2F20007E5FF /* Build configuration list for PBXProject "AdvancedToDoApplication" */ = {
			isa = XCConfigurationList;
			buildConfigurations = (
				EA45A8612DA1A2F30007E5FF /* Debug */,
				EA45A8622DA1A2F30007E5FF /* Release */,
			);
			defaultConfigurationIsVisible = 0;
			defaultConfigurationName = Release;
		};
		EA45A8632DA1A2F30007E5FF /* Build configuration list for PBXNativeTarget "AdvancedToDoApplication" */ = {
			isa = XCConfigurationList;
			buildConfigurations = (
				EA45A8642DA1A2F30007E5FF /* Debug */,
				EA45A8652DA1A2F30007E5FF /* Release */,
			);
			defaultConfigurationIsVisible = 0;
			defaultConfigurationName = Release;
		};
		EA45A8662DA1A2F30007E5FF /* Build configuration list for PBXNativeTarget "AdvancedToDoApplicationTests" */ = {
			isa = XCConfigurationList;
			buildConfigurations = (
				EA45A8672DA1A2F30007E5FF /* Debug */,
				EA45A8682DA1A2F30007E5FF /* Release */,
			);
			defaultConfigurationIsVisible = 0;
			defaultConfigurationName = Release;
		};
		EA45A8692DA1A2F30007E5FF /* Build configuration list for PBXNativeTarget "AdvancedToDoApplicationUITests" */ = {
			isa = XCConfigurationList;
			buildConfigurations = (
				EA45A86A2DA1A2F30007E5FF /* Debug */,
				EA45A86B2DA1A2F30007E5FF /* Release */,
			);
			defaultConfigurationIsVisible = 0;
			defaultConfigurationName = Release;
		};
/* End XCConfigurationList section */

/* Begin XCVersionGroup section */
		EA45A8482DA1A2F30007E5FF /* AdvancedToDoApplication.xcdatamodeld */ = {
			isa = XCVersionGroup;
			children = (
				EA45A8492DA1A2F30007E5FF /* AdvancedToDoApplication.xcdatamodel */,
			);
			currentVersion = EA45A8492DA1A2F30007E5FF /* AdvancedToDoApplication.xcdatamodel */;
			path = AdvancedToDoApplication.xcdatamodeld;
			sourceTree = "<group>";
			versionGroupType = wrapper.xcdatamodel;
		};
/* End XCVersionGroup section */
	};
	rootObject = EA45A8322DA1A2F20007E5FF /* Project object */;
}
